// !$*UTF8*$!
{
	archiveVersion = 1;
	classes = {
	};
	objectVersion = 56;
	objects = {

/* Begin PBXBuildFile section */
		836456A62BA1B71E00F881BF /* landmarkData.json in Resources */ = {isa = PBXBuildFile; fileRef = 836456A52BA1B71D00F881BF /* landmarkData.json */; };
		836456A82BA1BB8000F881BF /* FavoriteButton.swift in Sources */ = {isa = PBXBuildFile; fileRef = 836456A72BA1BB8000F881BF /* FavoriteButton.swift */; };
		83ACB71F2BA1CFF000A5C559 /* HexagonParameters.swift in Sources */ = {isa = PBXBuildFile; fileRef = 83ACB71E2BA1CFF000A5C559 /* HexagonParameters.swift */; };
		83ACB7212BA1D0DD00A5C559 /* BadgeBackground.swift in Sources */ = {isa = PBXBuildFile; fileRef = 83ACB7202BA1D0DD00A5C559 /* BadgeBackground.swift */; };
		83ACB7232BA1D4BE00A5C559 /* BadgeSymbol.swift in Sources */ = {isa = PBXBuildFile; fileRef = 83ACB7222BA1D4BE00A5C559 /* BadgeSymbol.swift */; };
		83ACB7252BA1D67A00A5C559 /* RotatedBadgeSymbol.swift in Sources */ = {isa = PBXBuildFile; fileRef = 83ACB7242BA1D67A00A5C559 /* RotatedBadgeSymbol.swift */; };
		83ACB7272BA1D70600A5C559 /* Badge.swift in Sources */ = {isa = PBXBuildFile; fileRef = 83ACB7262BA1D70600A5C559 /* Badge.swift */; };
		83AD08B02BA19D32005DEAC4 /* LandmarksApp.swift in Sources */ = {isa = PBXBuildFile; fileRef = 83AD08AF2BA19D32005DEAC4 /* LandmarksApp.swift */; };
		83AD08B22BA19D32005DEAC4 /* ContentView.swift in Sources */ = {isa = PBXBuildFile; fileRef = 83AD08B12BA19D32005DEAC4 /* ContentView.swift */; };
		83AD08B42BA19D34005DEAC4 /* Assets.xcassets in Resources */ = {isa = PBXBuildFile; fileRef = 83AD08B32BA19D34005DEAC4 /* Assets.xcassets */; };
		83AD08B72BA19D34005DEAC4 /* Preview Assets.xcassets in Resources */ = {isa = PBXBuildFile; fileRef = 83AD08B62BA19D34005DEAC4 /* Preview Assets.xcassets */; };
		83AD08BE2BA1A718005DEAC4 /* CircleImage.swift in Sources */ = {isa = PBXBuildFile; fileRef = 83AD08BD2BA1A718005DEAC4 /* CircleImage.swift */; };
		83AD08C02BA1A7A0005DEAC4 /* MapView.swift in Sources */ = {isa = PBXBuildFile; fileRef = 83AD08BF2BA1A7A0005DEAC4 /* MapView.swift */; };
		83AD08C42BA1AABF005DEAC4 /* Landmark.swift in Sources */ = {isa = PBXBuildFile; fileRef = 83AD08C32BA1AABF005DEAC4 /* Landmark.swift */; };
		83AD08DC2BA1AC3A005DEAC4 /* ModelData.swift in Sources */ = {isa = PBXBuildFile; fileRef = 83AD08DB2BA1AC3A005DEAC4 /* ModelData.swift */; };
		83AD08E32BA1AF06005DEAC4 /* LandmarkList.swift in Sources */ = {isa = PBXBuildFile; fileRef = 83AD08E22BA1AF06005DEAC4 /* LandmarkList.swift */; };
		83AD08E52BA1AFEF005DEAC4 /* LandMarkDetail.swift in Sources */ = {isa = PBXBuildFile; fileRef = 83AD08E42BA1AFEF005DEAC4 /* LandMarkDetail.swift */; };
		83D428D32BA1BE01000FE4E4 /* LandmarkRow.swift in Sources */ = {isa = PBXBuildFile; fileRef = 83D428D22BA1BE01000FE4E4 /* LandmarkRow.swift */; };
/* End PBXBuildFile section */

/* Begin PBXFileReference section */
		836456A52BA1B71D00F881BF /* landmarkData.json */ = {isa = PBXFileReference; fileEncoding = 4; lastKnownFileType = text.json; name = landmarkData.json; path = ../../../../Downloads/HandlingUserInput/StartingPoint/Landmarks/Resources/landmarkData.json; sourceTree = "<group>"; };
		836456A72BA1BB8000F881BF /* FavoriteButton.swift */ = {isa = PBXFileReference; lastKnownFileType = sourcecode.swift; path = FavoriteButton.swift; sourceTree = "<group>"; };
		83ACB71E2BA1CFF000A5C559 /* HexagonParameters.swift */ = {isa = PBXFileReference; lastKnownFileType = sourcecode.swift; path = HexagonParameters.swift; sourceTree = "<group>"; };
		83ACB7202BA1D0DD00A5C559 /* BadgeBackground.swift */ = {isa = PBXFileReference; lastKnownFileType = sourcecode.swift; path = BadgeBackground.swift; sourceTree = "<group>"; };
		83ACB7222BA1D4BE00A5C559 /* BadgeSymbol.swift */ = {isa = PBXFileReference; lastKnownFileType = sourcecode.swift; path = BadgeSymbol.swift; sourceTree = "<group>"; };
		83ACB7242BA1D67A00A5C559 /* RotatedBadgeSymbol.swift */ = {isa = PBXFileReference; lastKnownFileType = sourcecode.swift; path = RotatedBadgeSymbol.swift; sourceTree = "<group>"; };
		83ACB7262BA1D70600A5C559 /* Badge.swift */ = {isa = PBXFileReference; lastKnownFileType = sourcecode.swift; path = Badge.swift; sourceTree = "<group>"; };
		83AD08AC2BA19D32005DEAC4 /* Landmarks.app */ = {isa = PBXFileReference; explicitFileType = wrapper.application; includeInIndex = 0; path = Landmarks.app; sourceTree = BUILT_PRODUCTS_DIR; };
		83AD08AF2BA19D32005DEAC4 /* LandmarksApp.swift */ = {isa = PBXFileReference; lastKnownFileType = sourcecode.swift; path = LandmarksApp.swift; sourceTree = "<group>"; };
		83AD08B12BA19D32005DEAC4 /* ContentView.swift */ = {isa = PBXFileReference; lastKnownFileType = sourcecode.swift; path = ContentView.swift; sourceTree = "<group>"; };
		83AD08B32BA19D34005DEAC4 /* Assets.xcassets */ = {isa = PBXFileReference; lastKnownFileType = folder.assetcatalog; path = Assets.xcassets; sourceTree = "<group>"; };
		83AD08B62BA19D34005DEAC4 /* Preview Assets.xcassets */ = {isa = PBXFileReference; lastKnownFileType = folder.assetcatalog; path = "Preview Assets.xcassets"; sourceTree = "<group>"; };
		83AD08BD2BA1A718005DEAC4 /* CircleImage.swift */ = {isa = PBXFileReference; lastKnownFileType = sourcecode.swift; path = CircleImage.swift; sourceTree = "<group>"; };
		83AD08BF2BA1A7A0005DEAC4 /* MapView.swift */ = {isa = PBXFileReference; lastKnownFileType = sourcecode.swift; path = MapView.swift; sourceTree = "<group>"; };
		83AD08C32BA1AABF005DEAC4 /* Landmark.swift */ = {isa = PBXFileReference; lastKnownFileType = sourcecode.swift; path = Landmark.swift; sourceTree = "<group>"; };
		83AD08DB2BA1AC3A005DEAC4 /* ModelData.swift */ = {isa = PBXFileReference; lastKnownFileType = sourcecode.swift; path = ModelData.swift; sourceTree = "<group>"; };
		83AD08E22BA1AF06005DEAC4 /* LandmarkList.swift */ = {isa = PBXFileReference; lastKnownFileType = sourcecode.swift; path = LandmarkList.swift; sourceTree = "<group>"; };
		83AD08E42BA1AFEF005DEAC4 /* LandMarkDetail.swift */ = {isa = PBXFileReference; lastKnownFileType = sourcecode.swift; path = LandMarkDetail.swift; sourceTree = "<group>"; };
		83D428D22BA1BE01000FE4E4 /* LandmarkRow.swift */ = {isa = PBXFileReference; fileEncoding = 4; lastKnownFileType = sourcecode.swift; path = LandmarkRow.swift; sourceTree = "<group>"; };
/* End PBXFileReference section */

/* Begin PBXFrameworksBuildPhase section */
		83AD08A92BA19D32005DEAC4 /* Frameworks */ = {
			isa = PBXFrameworksBuildPhase;
			buildActionMask = 2147483647;
			files = (
			);
			runOnlyForDeploymentPostprocessing = 0;
		};
/* End PBXFrameworksBuildPhase section */

/* Begin PBXGroup section */
		836456A92BA1BC2E00F881BF /* Helper */ = {
			isa = PBXGroup;
			children = (
				836456A72BA1BB8000F881BF /* FavoriteButton.swift */,
				83AD08BD2BA1A718005DEAC4 /* CircleImage.swift */,
				83AD08BF2BA1A7A0005DEAC4 /* MapView.swift */,
			);
			path = Helper;
			sourceTree = "<group>";
		};
		836456AA2BA1BC3C00F881BF /* Landmarks */ = {
			isa = PBXGroup;
			children = (
				83D428D22BA1BE01000FE4E4 /* LandmarkRow.swift */,
				83AD08E22BA1AF06005DEAC4 /* LandmarkList.swift */,
				83AD08E42BA1AFEF005DEAC4 /* LandMarkDetail.swift */,
			);
			path = Landmarks;
			sourceTree = "<group>";
		};
		83ACB7282BA1D86200A5C559 /* Badges */ = {
			isa = PBXGroup;
			children = (
				83ACB7222BA1D4BE00A5C559 /* BadgeSymbol.swift */,
				83ACB7242BA1D67A00A5C559 /* RotatedBadgeSymbol.swift */,
				83ACB7262BA1D70600A5C559 /* Badge.swift */,
				83ACB71E2BA1CFF000A5C559 /* HexagonParameters.swift */,
				83ACB7202BA1D0DD00A5C559 /* BadgeBackground.swift */,
			);
			path = Badges;
			sourceTree = "<group>";
		};
		83AD08A32BA19D32005DEAC4 = {
			isa = PBXGroup;
			children = (
				83AD08AE2BA19D32005DEAC4 /* Landmarks */,
				83AD08AD2BA19D32005DEAC4 /* Products */,
			);
			sourceTree = "<group>";
		};
		83AD08AD2BA19D32005DEAC4 /* Products */ = {
			isa = PBXGroup;
			children = (
				83AD08AC2BA19D32005DEAC4 /* Landmarks.app */,
			);
			name = Products;
			sourceTree = "<group>";
		};
		83AD08AE2BA19D32005DEAC4 /* Landmarks */ = {
			isa = PBXGroup;
			children = (
				83AD08AF2BA19D32005DEAC4 /* LandmarksApp.swift */,
				83AD08DD2BA1ADC6005DEAC4 /* Views */,
				83AD08DE2BA1ADD0005DEAC4 /* Model */,
				83AD08B32BA19D34005DEAC4 /* Assets.xcassets */,
				83AD08DF2BA1ADD9005DEAC4 /* Resources */,
				83AD08B52BA19D34005DEAC4 /* Preview Content */,
			);
			path = Landmarks;
			sourceTree = "<group>";
		};
		83AD08B52BA19D34005DEAC4 /* Preview Content */ = {
			isa = PBXGroup;
			children = (
				83AD08B62BA19D34005DEAC4 /* Preview Assets.xcassets */,
			);
			path = "Preview Content";
			sourceTree = "<group>";
		};
		83AD08DD2BA1ADC6005DEAC4 /* Views */ = {
			isa = PBXGroup;
			children = (
				83ACB7282BA1D86200A5C559 /* Badges */,
				836456AA2BA1BC3C00F881BF /* Landmarks */,
				836456A92BA1BC2E00F881BF /* Helper */,
				83AD08B12BA19D32005DEAC4 /* ContentView.swift */,
			);
			path = Views;
			sourceTree = "<group>";
		};
		83AD08DE2BA1ADD0005DEAC4 /* Model */ = {
			isa = PBXGroup;
			children = (
				83AD08C32BA1AABF005DEAC4 /* Landmark.swift */,
				83AD08DB2BA1AC3A005DEAC4 /* ModelData.swift */,
			);
			path = Model;
			sourceTree = "<group>";
		};
		83AD08DF2BA1ADD9005DEAC4 /* Resources */ = {
			isa = PBXGroup;
			children = (
				836456A52BA1B71D00F881BF /* landmarkData.json */,
			);
			path = Resources;
			sourceTree = "<group>";
		};
/* End PBXGroup section */

/* Begin PBXNativeTarget section */
		83AD08AB2BA19D32005DEAC4 /* Landmarks */ = {
			isa = PBXNativeTarget;
			buildConfigurationList = 83AD08BA2BA19D34005DEAC4 /* Build configuration list for PBXNativeTarget "Landmarks" */;
			buildPhases = (
				83AD08A82BA19D32005DEAC4 /* Sources */,
				83AD08A92BA19D32005DEAC4 /* Frameworks */,
				83AD08AA2BA19D32005DEAC4 /* Resources */,
			);
			buildRules = (
			);
			dependencies = (
			);
			name = Landmarks;
			productName = Landmarks;
			productReference = 83AD08AC2BA19D32005DEAC4 /* Landmarks.app */;
			productType = "com.apple.product-type.application";
		};
/* End PBXNativeTarget section */

/* Begin PBXProject section */
		83AD08A42BA19D32005DEAC4 /* Project object */ = {
			isa = PBXProject;
			attributes = {
				BuildIndependentTargetsInParallel = 1;
				LastSwiftUpdateCheck = 1530;
				LastUpgradeCheck = 1530;
				TargetAttributes = {
					83AD08AB2BA19D32005DEAC4 = {
						CreatedOnToolsVersion = 15.3;
					};
				};
			};
			buildConfigurationList = 83AD08A72BA19D32005DEAC4 /* Build configuration list for PBXProject "Landmarks" */;
			compatibilityVersion = "Xcode 14.0";
			developmentRegion = en;
			hasScannedForEncodings = 0;
			knownRegions = (
				en,
				Base,
			);
			mainGroup = 83AD08A32BA19D32005DEAC4;
			productRefGroup = 83AD08AD2BA19D32005DEAC4 /* Products */;
			projectDirPath = "";
			projectRoot = "";
			targets = (
				83AD08AB2BA19D32005DEAC4 /* Landmarks */,
			);
		};
/* End PBXProject section */

/* Begin PBXResourcesBuildPhase section */
		83AD08AA2BA19D32005DEAC4 /* Resources */ = {
			isa = PBXResourcesBuildPhase;
			buildActionMask = 2147483647;
			files = (
				83AD08B72BA19D34005DEAC4 /* Preview Assets.xcassets in Resources */,
				836456A62BA1B71E00F881BF /* landmarkData.json in Resources */,
				83AD08B42BA19D34005DEAC4 /* Assets.xcassets in Resources */,
			);
			runOnlyForDeploymentPostprocessing = 0;
		};
/* End PBXResourcesBuildPhase section */

/* Begin PBXSourcesBuildPhase section */
		83AD08A82BA19D32005DEAC4 /* Sources */ = {
			isa = PBXSourcesBuildPhase;
			buildActionMask = 2147483647;
			files = (
				83ACB7232BA1D4BE00A5C559 /* BadgeSymbol.swift in Sources */,
				83ACB7272BA1D70600A5C559 /* Badge.swift in Sources */,
				83AD08B22BA19D32005DEAC4 /* ContentView.swift in Sources */,
				83ACB7252BA1D67A00A5C559 /* RotatedBadgeSymbol.swift in Sources */,
				83AD08C02BA1A7A0005DEAC4 /* MapView.swift in Sources */,
				83AD08B02BA19D32005DEAC4 /* LandmarksApp.swift in Sources */,
				836456A82BA1BB8000F881BF /* FavoriteButton.swift in Sources */,
				83ACB71F2BA1CFF000A5C559 /* HexagonParameters.swift in Sources */,
				83AD08E32BA1AF06005DEAC4 /* LandmarkList.swift in Sources */,
				83AD08E52BA1AFEF005DEAC4 /* LandMarkDetail.swift in Sources */,
				83ACB7212BA1D0DD00A5C559 /* BadgeBackground.swift in Sources */,
				83AD08BE2BA1A718005DEAC4 /* CircleImage.swift in Sources */,
				83AD08C42BA1AABF005DEAC4 /* Landmark.swift in Sources */,
				83D428D32BA1BE01000FE4E4 /* LandmarkRow.swift in Sources */,
				83AD08DC2BA1AC3A005DEAC4 /* ModelData.swift in Sources */,
			);
			runOnlyForDeploymentPostprocessing = 0;
		};
/* End PBXSourcesBuildPhase section */

/* Begin XCBuildConfiguration section */
		83AD08B82BA19D34005DEAC4 /* Debug */ = {
			isa = XCBuildConfiguration;
			buildSettings = {
				ALWAYS_SEARCH_USER_PATHS = NO;
				ASSETCATALOG_COMPILER_GENERATE_SWIFT_ASSET_SYMBOL_EXTENSIONS = YES;
				CLANG_ANALYZER_NONNULL = YES;
				CLANG_ANALYZER_NUMBER_OBJECT_CONVERSION = YES_AGGRESSIVE;
				CLANG_CXX_LANGUAGE_STANDARD = "gnu++20";
				CLANG_ENABLE_MODULES = YES;
				CLANG_ENABLE_OBJC_ARC = YES;
				CLANG_ENABLE_OBJC_WEAK = YES;
				CLANG_WARN_BLOCK_CAPTURE_AUTORELEASING = YES;
				CLANG_WARN_BOOL_CONVERSION = YES;
				CLANG_WARN_COMMA = YES;
				CLANG_WARN_CONSTANT_CONVERSION = YES;
				CLANG_WARN_DEPRECATED_OBJC_IMPLEMENTATIONS = YES;
				CLANG_WARN_DIRECT_OBJC_ISA_USAGE = YES_ERROR;
				CLANG_WARN_DOCUMENTATION_COMMENTS = YES;
				CLANG_WARN_EMPTY_BODY = YES;
				CLANG_WARN_ENUM_CONVERSION = YES;
				CLANG_WARN_INFINITE_RECURSION = YES;
				CLANG_WARN_INT_CONVERSION = YES;
				CLANG_WARN_NON_LITERAL_NULL_CONVERSION = YES;
				CLANG_WARN_OBJC_IMPLICIT_RETAIN_SELF = YES;
				CLANG_WARN_OBJC_LITERAL_CONVERSION = YES;
				CLANG_WARN_OBJC_ROOT_CLASS = YES_ERROR;
				CLANG_WARN_QUOTED_INCLUDE_IN_FRAMEWORK_HEADER = YES;
				CLANG_WARN_RANGE_LOOP_ANALYSIS = YES;
				CLANG_WARN_STRICT_PROTOTYPES = YES;
				CLANG_WARN_SUSPICIOUS_MOVE = YES;
				CLANG_WARN_UNGUARDED_AVAILABILITY = YES_AGGRESSIVE;
				CLANG_WARN_UNREACHABLE_CODE = YES;
				CLANG_WARN__DUPLICATE_METHOD_MATCH = YES;
				COPY_PHASE_STRIP = NO;
				DEBUG_INFORMATION_FORMAT = dwarf;
				ENABLE_STRICT_OBJC_MSGSEND = YES;
				ENABLE_TESTABILITY = YES;
				ENABLE_USER_SCRIPT_SANDBOXING = YES;
				GCC_C_LANGUAGE_STANDARD = gnu17;
				GCC_DYNAMIC_NO_PIC = NO;
				GCC_NO_COMMON_BLOCKS = YES;
				GCC_OPTIMIZATION_LEVEL = 0;
				GCC_PREPROCESSOR_DEFINITIONS = (
					"DEBUG=1",
					"$(inherited)",
				);
				GCC_WARN_64_TO_32_BIT_CONVERSION = YES;
				GCC_WARN_ABOUT_RETURN_TYPE = YES_ERROR;
				GCC_WARN_UNDECLARED_SELECTOR = YES;
				GCC_WARN_UNINITIALIZED_AUTOS = YES_AGGRESSIVE;
				GCC_WARN_UNUSED_FUNCTION = YES;
				GCC_WARN_UNUSED_VARIABLE = YES;
				IPHONEOS_DEPLOYMENT_TARGET = 17.4;
				LOCALIZATION_PREFERS_STRING_CATALOGS = YES;
				MTL_ENABLE_DEBUG_INFO = INCLUDE_SOURCE;
				MTL_FAST_MATH = YES;
				ONLY_ACTIVE_ARCH = YES;
				SDKROOT = iphoneos;
				SWIFT_ACTIVE_COMPILATION_CONDITIONS = "DEBUG $(inherited)";
				SWIFT_OPTIMIZATION_LEVEL = "-Onone";
			};
			name = Debug;
		};
		83AD08B92BA19D34005DEAC4 /* Release */ = {
			isa = XCBuildConfiguration;
			buildSettings = {
				ALWAYS_SEARCH_USER_PATHS = NO;
				ASSETCATALOG_COMPILER_GENERATE_SWIFT_ASSET_SYMBOL_EXTENSIONS = YES;
				CLANG_ANALYZER_NONNULL = YES;
				CLANG_ANALYZER_NUMBER_OBJECT_CONVERSION = YES_AGGRESSIVE;
				CLANG_CXX_LANGUAGE_STANDARD = "gnu++20";
				CLANG_ENABLE_MODULES = YES;
				CLANG_ENABLE_OBJC_ARC = YES;
				CLANG_ENABLE_OBJC_WEAK = YES;
				CLANG_WARN_BLOCK_CAPTURE_AUTORELEASING = YES;
				CLANG_WARN_BOOL_CONVERSION = YES;
				CLANG_WARN_COMMA = YES;
				CLANG_WARN_CONSTANT_CONVERSION = YES;
				CLANG_WARN_DEPRECATED_OBJC_IMPLEMENTATIONS = YES;
				CLANG_WARN_DIRECT_OBJC_ISA_USAGE = YES_ERROR;
				CLANG_WARN_DOCUMENTATION_COMMENTS = YES;
				CLANG_WARN_EMPTY_BODY = YES;
				CLANG_WARN_ENUM_CONVERSION = YES;
				CLANG_WARN_INFINITE_RECURSION = YES;
				CLANG_WARN_INT_CONVERSION = YES;
				CLANG_WARN_NON_LITERAL_NULL_CONVERSION = YES;
				CLANG_WARN_OBJC_IMPLICIT_RETAIN_SELF = YES;
				CLANG_WARN_OBJC_LITERAL_CONVERSION = YES;
				CLANG_WARN_OBJC_ROOT_CLASS = YES_ERROR;
				CLANG_WARN_QUOTED_INCLUDE_IN_FRAMEWORK_HEADER = YES;
				CLANG_WARN_RANGE_LOOP_ANALYSIS = YES;
				CLANG_WARN_STRICT_PROTOTYPES = YES;
				CLANG_WARN_SUSPICIOUS_MOVE = YES;
				CLANG_WARN_UNGUARDED_AVAILABILITY = YES_AGGRESSIVE;
				CLANG_WARN_UNREACHABLE_CODE = YES;
				CLANG_WARN__DUPLICATE_METHOD_MATCH = YES;
				COPY_PHASE_STRIP = NO;
				DEBUG_INFORMATION_FORMAT = "dwarf-with-dsym";
				ENABLE_NS_ASSERTIONS = NO;
				ENABLE_STRICT_OBJC_MSGSEND = YES;
				ENABLE_USER_SCRIPT_SANDBOXING = YES;
				GCC_C_LANGUAGE_STANDARD = gnu17;
				GCC_NO_COMMON_BLOCKS = YES;
				GCC_WARN_64_TO_32_BIT_CONVERSION = YES;
				GCC_WARN_ABOUT_RETURN_TYPE = YES_ERROR;
				GCC_WARN_UNDECLARED_SELECTOR = YES;
				GCC_WARN_UNINITIALIZED_AUTOS = YES_AGGRESSIVE;
				GCC_WARN_UNUSED_FUNCTION = YES;
				GCC_WARN_UNUSED_VARIABLE = YES;
				IPHONEOS_DEPLOYMENT_TARGET = 17.4;
				LOCALIZATION_PREFERS_STRING_CATALOGS = YES;
				MTL_ENABLE_DEBUG_INFO = NO;
				MTL_FAST_MATH = YES;
				SDKROOT = iphoneos;
				SWIFT_COMPILATION_MODE = wholemodule;
				VALIDATE_PRODUCT = YES;
			};
			name = Release;
		};
		83AD08BB2BA19D34005DEAC4 /* Debug */ = {
			isa = XCBuildConfiguration;
			buildSettings = {
				ASSETCATALOG_COMPILER_APPICON_NAME = AppIcon;
				ASSETCATALOG_COMPILER_GLOBAL_ACCENT_COLOR_NAME = AccentColor;
				CODE_SIGN_STYLE = Automatic;
				CURRENT_PROJECT_VERSION = 1;
				DEVELOPMENT_ASSET_PATHS = "\"Landmarks/Preview Content\"";
				DEVELOPMENT_TEAM = H2ST3LB34L;
				ENABLE_PREVIEWS = YES;
				GENERATE_INFOPLIST_FILE = YES;
				INFOPLIST_KEY_UIApplicationSceneManifest_Generation = YES;
				INFOPLIST_KEY_UIApplicationSupportsIndirectInputEvents = YES;
				INFOPLIST_KEY_UILaunchScreen_Generation = YES;
				INFOPLIST_KEY_UISupportedInterfaceOrientations_iPad = "UIInterfaceOrientationPortrait UIInterfaceOrientationPortraitUpsideDown UIInterfaceOrientationLandscapeLeft UIInterfaceOrientationLandscapeRight";
				INFOPLIST_KEY_UISupportedInterfaceOrientations_iPhone = "UIInterfaceOrientationPortrait UIInterfaceOrientationLandscapeLeft UIInterfaceOrientationLandscapeRight";
				LD_RUNPATH_SEARCH_PATHS = (
					"$(inherited)",
					"@executable_path/Frameworks",
				);
				MARKETING_VERSION = 1.0;
				PRODUCT_BUNDLE_IDENTIFIER = domenicoflauto.Landmarks;
				PRODUCT_NAME = "$(TARGET_NAME)";
				SWIFT_EMIT_LOC_STRINGS = YES;
				SWIFT_VERSION = 5.0;
				TARGETED_DEVICE_FAMILY = "1,2";
			};
			name = Debug;
		};
		83AD08BC2BA19D34005DEAC4 /* Release */ = {
			isa = XCBuildConfiguration;
			buildSettings = {
				ASSETCATALOG_COMPILER_APPICON_NAME = AppIcon;
				ASSETCATALOG_COMPILER_GLOBAL_ACCENT_COLOR_NAME = AccentColor;
				CODE_SIGN_STYLE = Automatic;
				CURRENT_PROJECT_VERSION = 1;
				DEVELOPMENT_ASSET_PATHS = "\"Landmarks/Preview Content\"";
				DEVELOPMENT_TEAM = H2ST3LB34L;
				ENABLE_PREVIEWS = YES;
				GENERATE_INFOPLIST_FILE = YES;
				INFOPLIST_KEY_UIApplicationSceneManifest_Generation = YES;
				INFOPLIST_KEY_UIApplicationSupportsIndirectInputEvents = YES;
				INFOPLIST_KEY_UILaunchScreen_Generation = YES;
				INFOPLIST_KEY_UISupportedInterfaceOrientations_iPad = "UIInterfaceOrientationPortrait UIInterfaceOrientationPortraitUpsideDown UIInterfaceOrientationLandscapeLeft UIInterfaceOrientationLandscapeRight";
				INFOPLIST_KEY_UISupportedInterfaceOrientations_iPhone = "UIInterfaceOrientationPortrait UIInterfaceOrientationLandscapeLeft UIInterfaceOrientationLandscapeRight";
				LD_RUNPATH_SEARCH_PATHS = (
					"$(inherited)",
					"@executable_path/Frameworks",
				);
				MARKETING_VERSION = 1.0;
				PRODUCT_BUNDLE_IDENTIFIER = domenicoflauto.Landmarks;
				PRODUCT_NAME = "$(TARGET_NAME)";
				SWIFT_EMIT_LOC_STRINGS = YES;
				SWIFT_VERSION = 5.0;
				TARGETED_DEVICE_FAMILY = "1,2";
			};
			name = Release;
		};
/* End XCBuildConfiguration section */

/* Begin XCConfigurationList section */
		83AD08A72BA19D32005DEAC4 /* Build configuration list for PBXProject "Landmarks" */ = {
			isa = XCConfigurationList;
			buildConfigurations = (
				83AD08B82BA19D34005DEAC4 /* Debug */,
				83AD08B92BA19D34005DEAC4 /* Release */,
			);
			defaultConfigurationIsVisible = 0;
			defaultConfigurationName = Release;
		};
		83AD08BA2BA19D34005DEAC4 /* Build configuration list for PBXNativeTarget "Landmarks" */ = {
			isa = XCConfigurationList;
			buildConfigurations = (
				83AD08BB2BA19D34005DEAC4 /* Debug */,
				83AD08BC2BA19D34005DEAC4 /* Release */,
			);
			defaultConfigurationIsVisible = 0;
			defaultConfigurationName = Release;
		};
/* End XCConfigurationList section */
	};
	rootObject = 83AD08A42BA19D32005DEAC4 /* Project object */;
}
