// !$*UTF8*$!
{
	archiveVersion = 1;
	classes = {
	};
	objectVersion = 56;
	objects = {

/* Begin PBXBuildFile section */
		836456A62BA1B71E00F881BF /* landmarkData.json in Resources */ = {isa = PBXBuildFile; fileRef = 836456A52BA1B71D00F881BF /* landmarkData.json */; };
		836456A82BA1BB8000F881BF /* FavoriteButton.swift in Sources */ = {isa = PBXBuildFile; fileRef = 836456A72BA1BB8000F881BF /* FavoriteButton.swift */; };
		83ACB71F2BA1CFF000A5C559 /* HexagonParameters.swift in Sources */ = {isa = PBXBuildFile; fileRef = 83ACB71E2BA1CFF000A5C559 /* HexagonParameters.swift */; };
		83ACB7212BA1D0DD00A5C559 /* BadgeBackground.swift in Sources */ = {isa = PBXBuildFile; fileRef = 83ACB7202BA1D0DD00A5C559 /* BadgeBackground.swift */; };
		83ACB7232BA1D4BE00A5C559 /* BadgeSymbol.swift in Sources */ = {isa = PBXBuildFile; fileRef = 83ACB7222BA1D4BE00A5C559 /* BadgeSymbol.swift */; };
		83ACB7252BA1D67A00A5C559 /* RotatedBadgeSymbol.swift in Sources */ = {isa = PBXBuildFile; fileRef = 83ACB7242BA1D67A00A5C559 /* RotatedBadgeSymbol.swift */; };
		83ACB7272BA1D70600A5C559 /* Badge.swift in Sources */ = {isa = PBXBuildFile; fileRef = 83ACB7262BA1D70600A5C559 /* Badge.swift */; };
		83ACB72A2BA1EBA100A5C559 /* hikeData.json in Resources */ = {isa = PBXBuildFile; fileRef = 83ACB7292BA1EBA100A5C559 /* hikeData.json */; };
		83ACB72C2BA1EBBE00A5C559 /* Hike.swift in Sources */ = {isa = PBXBuildFile; fileRef = 83ACB72B2BA1EBBE00A5C559 /* Hike.swift */; };
		83ACB7322BA1ECD000A5C559 /* GraphCapsule.swift in Sources */ = {isa = PBXBuildFile; fileRef = 83ACB72D2BA1ECD000A5C559 /* GraphCapsule.swift */; };
		83ACB7332BA1ECD000A5C559 /* HikeDetail.swift in Sources */ = {isa = PBXBuildFile; fileRef = 83ACB72E2BA1ECD000A5C559 /* HikeDetail.swift */; };
		83ACB7342BA1ECD000A5C559 /* HikeGraph.swift in Sources */ = {isa = PBXBuildFile; fileRef = 83ACB72F2BA1ECD000A5C559 /* HikeGraph.swift */; };
		83ACB7352BA1ECD000A5C559 /* HikeView.swift in Sources */ = {isa = PBXBuildFile; fileRef = 83ACB7302BA1ECD000A5C559 /* HikeView.swift */; };
		83ACB7382BA1F2C300A5C559 /* CategoryHome.swift in Sources */ = {isa = PBXBuildFile; fileRef = 83ACB7372BA1F2C300A5C559 /* CategoryHome.swift */; };
		83ACB73A2BA1F4F700A5C559 /* CategoryRow.swift in Sources */ = {isa = PBXBuildFile; fileRef = 83ACB7392BA1F4F700A5C559 /* CategoryRow.swift */; };
		83ACB73C2BA1F68900A5C559 /* CategoryItem.swift in Sources */ = {isa = PBXBuildFile; fileRef = 83ACB73B2BA1F68900A5C559 /* CategoryItem.swift */; };
		83ACB73E2BA1FD6A00A5C559 /* Profile.swift in Sources */ = {isa = PBXBuildFile; fileRef = 83ACB73D2BA1FD6A00A5C559 /* Profile.swift */; };
		83ACB7412BA1FE0D00A5C559 /* ProfileHost.swift in Sources */ = {isa = PBXBuildFile; fileRef = 83ACB7402BA1FE0D00A5C559 /* ProfileHost.swift */; };
		83ACB7442BA1FEB600A5C559 /* ProfileSummary.swift in Sources */ = {isa = PBXBuildFile; fileRef = 83ACB7432BA1FEB600A5C559 /* ProfileSummary.swift */; };
		83ACB7462BA2016F00A5C559 /* HikeBadge.swift in Sources */ = {isa = PBXBuildFile; fileRef = 83ACB7452BA2016E00A5C559 /* HikeBadge.swift */; };
		83ACB7482BA218A700A5C559 /* ProfileEditor.swift in Sources */ = {isa = PBXBuildFile; fileRef = 83ACB7472BA218A700A5C559 /* ProfileEditor.swift */; };
		83ACB74B2BA21EC500A5C559 /* PageViewController.swift in Sources */ = {isa = PBXBuildFile; fileRef = 83ACB74A2BA21EC500A5C559 /* PageViewController.swift */; };
		83ACB74D2BA2227400A5C559 /* FeatureCard.swift in Sources */ = {isa = PBXBuildFile; fileRef = 83ACB74C2BA2227400A5C559 /* FeatureCard.swift */; };
		83ACB74F2BA223FB00A5C559 /* PageView.swift in Sources */ = {isa = PBXBuildFile; fileRef = 83ACB74E2BA223FB00A5C559 /* PageView.swift */; };
		83ACB7512BA2283700A5C559 /* PageControl.swift in Sources */ = {isa = PBXBuildFile; fileRef = 83ACB7502BA2283700A5C559 /* PageControl.swift */; };
		83AD08B02BA19D32005DEAC4 /* LandmarksApp.swift in Sources */ = {isa = PBXBuildFile; fileRef = 83AD08AF2BA19D32005DEAC4 /* LandmarksApp.swift */; };
		83AD08B22BA19D32005DEAC4 /* ContentView.swift in Sources */ = {isa = PBXBuildFile; fileRef = 83AD08B12BA19D32005DEAC4 /* ContentView.swift */; };
		83AD08B42BA19D34005DEAC4 /* Assets.xcassets in Resources */ = {isa = PBXBuildFile; fileRef = 83AD08B32BA19D34005DEAC4 /* Assets.xcassets */; };
		83AD08B72BA19D34005DEAC4 /* Preview Assets.xcassets in Resources */ = {isa = PBXBuildFile; fileRef = 83AD08B62BA19D34005DEAC4 /* Preview Assets.xcassets */; };
		83AD08BE2BA1A718005DEAC4 /* CircleImage.swift in Sources */ = {isa = PBXBuildFile; fileRef = 83AD08BD2BA1A718005DEAC4 /* CircleImage.swift */; };
		83AD08C02BA1A7A0005DEAC4 /* MapView.swift in Sources */ = {isa = PBXBuildFile; fileRef = 83AD08BF2BA1A7A0005DEAC4 /* MapView.swift */; };
		83AD08C42BA1AABF005DEAC4 /* Landmark.swift in Sources */ = {isa = PBXBuildFile; fileRef = 83AD08C32BA1AABF005DEAC4 /* Landmark.swift */; };
		83AD08DC2BA1AC3A005DEAC4 /* ModelData.swift in Sources */ = {isa = PBXBuildFile; fileRef = 83AD08DB2BA1AC3A005DEAC4 /* ModelData.swift */; };
		83AD08E32BA1AF06005DEAC4 /* LandmarkList.swift in Sources */ = {isa = PBXBuildFile; fileRef = 83AD08E22BA1AF06005DEAC4 /* LandmarkList.swift */; };
		83AD08E52BA1AFEF005DEAC4 /* LandmarkDetail.swift in Sources */ = {isa = PBXBuildFile; fileRef = 83AD08E42BA1AFEF005DEAC4 /* LandmarkDetail.swift */; };
		83D428D32BA1BE01000FE4E4 /* LandmarkRow.swift in Sources */ = {isa = PBXBuildFile; fileRef = 83D428D22BA1BE01000FE4E4 /* LandmarkRow.swift */; };
		83E3A0EE2BA2561F00FEF495 /* ContentView.swift in Sources */ = {isa = PBXBuildFile; fileRef = 83E3A0ED2BA2561F00FEF495 /* ContentView.swift */; };
		83E3A0F02BA2562000FEF495 /* Assets.xcassets in Resources */ = {isa = PBXBuildFile; fileRef = 83E3A0EF2BA2562000FEF495 /* Assets.xcassets */; };
		83E3A0F32BA2562000FEF495 /* Preview Assets.xcassets in Resources */ = {isa = PBXBuildFile; fileRef = 83E3A0F22BA2562000FEF495 /* Preview Assets.xcassets */; };
		83E3A0F62BA2562000FEF495 /* WatchLandmarks Watch App.app in Embed Watch Content */ = {isa = PBXBuildFile; fileRef = 83E3A0E92BA2561F00FEF495 /* WatchLandmarks Watch App.app */; settings = {ATTRIBUTES = (RemoveHeadersOnCopy, ); }; };
		83E3A0FB2BA2598E00FEF495 /* hikeData.json in Resources */ = {isa = PBXBuildFile; fileRef = 83ACB7292BA1EBA100A5C559 /* hikeData.json */; };
		83E3A0FC2BA2598E00FEF495 /* Assets.xcassets in Resources */ = {isa = PBXBuildFile; fileRef = 83AD08B32BA19D34005DEAC4 /* Assets.xcassets */; };
		83E3A0FD2BA2598E00FEF495 /* landmarkData.json in Resources */ = {isa = PBXBuildFile; fileRef = 836456A52BA1B71D00F881BF /* landmarkData.json */; };
		83E3A0FE2BA2598E00FEF495 /* Landmark.swift in Sources */ = {isa = PBXBuildFile; fileRef = 83AD08C32BA1AABF005DEAC4 /* Landmark.swift */; };
		83E3A0FF2BA2598E00FEF495 /* LandmarksApp.swift in Sources */ = {isa = PBXBuildFile; fileRef = 83AD08AF2BA19D32005DEAC4 /* LandmarksApp.swift */; };
		83E3A1002BA2598E00FEF495 /* Profile.swift in Sources */ = {isa = PBXBuildFile; fileRef = 83ACB73D2BA1FD6A00A5C559 /* Profile.swift */; };
		83E3A1012BA2598E00FEF495 /* ModelData.swift in Sources */ = {isa = PBXBuildFile; fileRef = 83AD08DB2BA1AC3A005DEAC4 /* ModelData.swift */; };
		83E3A1022BA2598E00FEF495 /* LandmarkRow.swift in Sources */ = {isa = PBXBuildFile; fileRef = 83D428D22BA1BE01000FE4E4 /* LandmarkRow.swift */; };
		83E3A1032BA2598E00FEF495 /* MapView.swift in Sources */ = {isa = PBXBuildFile; fileRef = 83AD08BF2BA1A7A0005DEAC4 /* MapView.swift */; };
		83E3A1042BA2598E00FEF495 /* Hike.swift in Sources */ = {isa = PBXBuildFile; fileRef = 83ACB72B2BA1EBBE00A5C559 /* Hike.swift */; };
		83E3A1052BA2598E00FEF495 /* CircleImage.swift in Sources */ = {isa = PBXBuildFile; fileRef = 83AD08BD2BA1A718005DEAC4 /* CircleImage.swift */; };
		83E3A1082BA25A4000FEF495 /* LandmarkDetail.swift in Sources */ = {isa = PBXBuildFile; fileRef = 83E3A1072BA25A3F00FEF495 /* LandmarkDetail.swift */; };
		83E3A10A2BA261E900FEF495 /* NotificationView.swift in Sources */ = {isa = PBXBuildFile; fileRef = 83E3A1092BA261E900FEF495 /* NotificationView.swift */; };
		83E3A10C2BA2632600FEF495 /* NotificationController.swift in Sources */ = {isa = PBXBuildFile; fileRef = 83E3A10B2BA2632600FEF495 /* NotificationController.swift */; };
		83E3A1172BA2F95800FEF495 /* ContentView.swift in Sources */ = {isa = PBXBuildFile; fileRef = 83E3A1162BA2F95800FEF495 /* ContentView.swift */; };
		83E3A1192BA2F95A00FEF495 /* Assets.xcassets in Resources */ = {isa = PBXBuildFile; fileRef = 83E3A1182BA2F95A00FEF495 /* Assets.xcassets */; };
		83E3A11C2BA2F95A00FEF495 /* Preview Assets.xcassets in Resources */ = {isa = PBXBuildFile; fileRef = 83E3A11B2BA2F95A00FEF495 /* Preview Assets.xcassets */; };
		83E3A1212BA2FA7700FEF495 /* Assets.xcassets in Resources */ = {isa = PBXBuildFile; fileRef = 83AD08B32BA19D34005DEAC4 /* Assets.xcassets */; };
		83E3A1222BA2FA7700FEF495 /* landmarkData.json in Resources */ = {isa = PBXBuildFile; fileRef = 836456A52BA1B71D00F881BF /* landmarkData.json */; };
		83E3A1232BA2FA7700FEF495 /* hikeData.json in Resources */ = {isa = PBXBuildFile; fileRef = 83ACB7292BA1EBA100A5C559 /* hikeData.json */; };
		83E3A1242BA2FA7700FEF495 /* FavoriteButton.swift in Sources */ = {isa = PBXBuildFile; fileRef = 836456A72BA1BB8000F881BF /* FavoriteButton.swift */; };
		83E3A1252BA2FA7700FEF495 /* LandmarkList.swift in Sources */ = {isa = PBXBuildFile; fileRef = 83AD08E22BA1AF06005DEAC4 /* LandmarkList.swift */; };
		83E3A1262BA2FA7700FEF495 /* MapView.swift in Sources */ = {isa = PBXBuildFile; fileRef = 83AD08BF2BA1A7A0005DEAC4 /* MapView.swift */; };
		83E3A1272BA2FA7700FEF495 /* LandmarksApp.swift in Sources */ = {isa = PBXBuildFile; fileRef = 83AD08AF2BA19D32005DEAC4 /* LandmarksApp.swift */; };
		83E3A1282BA2FA7700FEF495 /* CircleImage.swift in Sources */ = {isa = PBXBuildFile; fileRef = 83AD08BD2BA1A718005DEAC4 /* CircleImage.swift */; };
		83E3A1292BA2FA7700FEF495 /* LandmarkRow.swift in Sources */ = {isa = PBXBuildFile; fileRef = 83D428D22BA1BE01000FE4E4 /* LandmarkRow.swift */; };
		83E3A12A2BA2FB0D00FEF495 /* Hike.swift in Sources */ = {isa = PBXBuildFile; fileRef = 83ACB72B2BA1EBBE00A5C559 /* Hike.swift */; };
		83E3A12B2BA2FB0D00FEF495 /* ModelData.swift in Sources */ = {isa = PBXBuildFile; fileRef = 83AD08DB2BA1AC3A005DEAC4 /* ModelData.swift */; };
		83E3A12C2BA2FB0D00FEF495 /* Landmark.swift in Sources */ = {isa = PBXBuildFile; fileRef = 83AD08C32BA1AABF005DEAC4 /* Landmark.swift */; };
		83E3A12D2BA2FB0D00FEF495 /* Profile.swift in Sources */ = {isa = PBXBuildFile; fileRef = 83ACB73D2BA1FD6A00A5C559 /* Profile.swift */; };
		83E3A1302BA2FBBA00FEF495 /* LandmarkDetail.swift in Sources */ = {isa = PBXBuildFile; fileRef = 83E3A12F2BA2FBBA00FEF495 /* LandmarkDetail.swift */; };
		83E3A1322BA3034E00FEF495 /* LandmarkList.swift in Sources */ = {isa = PBXBuildFile; fileRef = 83E3A1312BA3034E00FEF495 /* LandmarkList.swift */; };
		83E3A1342BA307F700FEF495 /* LandmarkCommands.swift in Sources */ = {isa = PBXBuildFile; fileRef = 83E3A1332BA307F700FEF495 /* LandmarkCommands.swift */; };
		83E3A1352BA307F700FEF495 /* LandmarkCommands.swift in Sources */ = {isa = PBXBuildFile; fileRef = 83E3A1332BA307F700FEF495 /* LandmarkCommands.swift */; };
/* End PBXBuildFile section */

/* Begin PBXContainerItemProxy section */
		83E3A0F42BA2562000FEF495 /* PBXContainerItemProxy */ = {
			isa = PBXContainerItemProxy;
			containerPortal = 83AD08A42BA19D32005DEAC4 /* Project object */;
			proxyType = 1;
			remoteGlobalIDString = 83E3A0E82BA2561F00FEF495;
			remoteInfo = "WatchLandmarks Watch App";
		};
/* End PBXContainerItemProxy section */

/* Begin PBXCopyFilesBuildPhase section */
		83E3A0F72BA2562000FEF495 /* Embed Watch Content */ = {
			isa = PBXCopyFilesBuildPhase;
			buildActionMask = 2147483647;
			dstPath = "$(CONTENTS_FOLDER_PATH)/Watch";
			dstSubfolderSpec = 16;
			files = (
				83E3A0F62BA2562000FEF495 /* WatchLandmarks Watch App.app in Embed Watch Content */,
			);
			name = "Embed Watch Content";
			runOnlyForDeploymentPostprocessing = 0;
		};
/* End PBXCopyFilesBuildPhase section */

/* Begin PBXFileReference section */
		836456A52BA1B71D00F881BF /* landmarkData.json */ = {isa = PBXFileReference; fileEncoding = 4; lastKnownFileType = text.json; name = landmarkData.json; path = ../../../../Downloads/HandlingUserInput/StartingPoint/Landmarks/Resources/landmarkData.json; sourceTree = "<group>"; };
		836456A72BA1BB8000F881BF /* FavoriteButton.swift */ = {isa = PBXFileReference; lastKnownFileType = sourcecode.swift; path = FavoriteButton.swift; sourceTree = "<group>"; };
		83ACB71E2BA1CFF000A5C559 /* HexagonParameters.swift */ = {isa = PBXFileReference; lastKnownFileType = sourcecode.swift; path = HexagonParameters.swift; sourceTree = "<group>"; };
		83ACB7202BA1D0DD00A5C559 /* BadgeBackground.swift */ = {isa = PBXFileReference; lastKnownFileType = sourcecode.swift; path = BadgeBackground.swift; sourceTree = "<group>"; };
		83ACB7222BA1D4BE00A5C559 /* BadgeSymbol.swift */ = {isa = PBXFileReference; lastKnownFileType = sourcecode.swift; path = BadgeSymbol.swift; sourceTree = "<group>"; };
		83ACB7242BA1D67A00A5C559 /* RotatedBadgeSymbol.swift */ = {isa = PBXFileReference; lastKnownFileType = sourcecode.swift; path = RotatedBadgeSymbol.swift; sourceTree = "<group>"; };
		83ACB7262BA1D70600A5C559 /* Badge.swift */ = {isa = PBXFileReference; lastKnownFileType = sourcecode.swift; path = Badge.swift; sourceTree = "<group>"; };
		83ACB7292BA1EBA100A5C559 /* hikeData.json */ = {isa = PBXFileReference; fileEncoding = 4; lastKnownFileType = text.json; path = hikeData.json; sourceTree = "<group>"; };
		83ACB72B2BA1EBBE00A5C559 /* Hike.swift */ = {isa = PBXFileReference; lastKnownFileType = sourcecode.swift; path = Hike.swift; sourceTree = "<group>"; };
		83ACB72D2BA1ECD000A5C559 /* GraphCapsule.swift */ = {isa = PBXFileReference; fileEncoding = 4; lastKnownFileType = sourcecode.swift; path = GraphCapsule.swift; sourceTree = "<group>"; };
		83ACB72E2BA1ECD000A5C559 /* HikeDetail.swift */ = {isa = PBXFileReference; fileEncoding = 4; lastKnownFileType = sourcecode.swift; path = HikeDetail.swift; sourceTree = "<group>"; };
		83ACB72F2BA1ECD000A5C559 /* HikeGraph.swift */ = {isa = PBXFileReference; fileEncoding = 4; lastKnownFileType = sourcecode.swift; path = HikeGraph.swift; sourceTree = "<group>"; };
		83ACB7302BA1ECD000A5C559 /* HikeView.swift */ = {isa = PBXFileReference; fileEncoding = 4; lastKnownFileType = sourcecode.swift; path = HikeView.swift; sourceTree = "<group>"; };
		83ACB7372BA1F2C300A5C559 /* CategoryHome.swift */ = {isa = PBXFileReference; lastKnownFileType = sourcecode.swift; path = CategoryHome.swift; sourceTree = "<group>"; };
		83ACB7392BA1F4F700A5C559 /* CategoryRow.swift */ = {isa = PBXFileReference; lastKnownFileType = sourcecode.swift; path = CategoryRow.swift; sourceTree = "<group>"; };
		83ACB73B2BA1F68900A5C559 /* CategoryItem.swift */ = {isa = PBXFileReference; lastKnownFileType = sourcecode.swift; path = CategoryItem.swift; sourceTree = "<group>"; };
		83ACB73D2BA1FD6A00A5C559 /* Profile.swift */ = {isa = PBXFileReference; lastKnownFileType = sourcecode.swift; path = Profile.swift; sourceTree = "<group>"; };
		83ACB7402BA1FE0D00A5C559 /* ProfileHost.swift */ = {isa = PBXFileReference; lastKnownFileType = sourcecode.swift; path = ProfileHost.swift; sourceTree = "<group>"; };
		83ACB7432BA1FEB600A5C559 /* ProfileSummary.swift */ = {isa = PBXFileReference; lastKnownFileType = sourcecode.swift; path = ProfileSummary.swift; sourceTree = "<group>"; };
		83ACB7452BA2016E00A5C559 /* HikeBadge.swift */ = {isa = PBXFileReference; lastKnownFileType = sourcecode.swift; path = HikeBadge.swift; sourceTree = "<group>"; };
		83ACB7472BA218A700A5C559 /* ProfileEditor.swift */ = {isa = PBXFileReference; lastKnownFileType = sourcecode.swift; path = ProfileEditor.swift; sourceTree = "<group>"; };
		83ACB74A2BA21EC500A5C559 /* PageViewController.swift */ = {isa = PBXFileReference; lastKnownFileType = sourcecode.swift; path = PageViewController.swift; sourceTree = "<group>"; };
		83ACB74C2BA2227400A5C559 /* FeatureCard.swift */ = {isa = PBXFileReference; lastKnownFileType = sourcecode.swift; path = FeatureCard.swift; sourceTree = "<group>"; };
		83ACB74E2BA223FB00A5C559 /* PageView.swift */ = {isa = PBXFileReference; lastKnownFileType = sourcecode.swift; path = PageView.swift; sourceTree = "<group>"; };
		83ACB7502BA2283700A5C559 /* PageControl.swift */ = {isa = PBXFileReference; lastKnownFileType = sourcecode.swift; path = PageControl.swift; sourceTree = "<group>"; };
		83AD08AC2BA19D32005DEAC4 /* Landmarks.app */ = {isa = PBXFileReference; explicitFileType = wrapper.application; includeInIndex = 0; path = Landmarks.app; sourceTree = BUILT_PRODUCTS_DIR; };
		83AD08AF2BA19D32005DEAC4 /* LandmarksApp.swift */ = {isa = PBXFileReference; lastKnownFileType = sourcecode.swift; path = LandmarksApp.swift; sourceTree = "<group>"; };
		83AD08B12BA19D32005DEAC4 /* ContentView.swift */ = {isa = PBXFileReference; lastKnownFileType = sourcecode.swift; path = ContentView.swift; sourceTree = "<group>"; };
		83AD08B32BA19D34005DEAC4 /* Assets.xcassets */ = {isa = PBXFileReference; lastKnownFileType = folder.assetcatalog; path = Assets.xcassets; sourceTree = "<group>"; };
		83AD08B62BA19D34005DEAC4 /* Preview Assets.xcassets */ = {isa = PBXFileReference; lastKnownFileType = folder.assetcatalog; path = "Preview Assets.xcassets"; sourceTree = "<group>"; };
		83AD08BD2BA1A718005DEAC4 /* CircleImage.swift */ = {isa = PBXFileReference; lastKnownFileType = sourcecode.swift; path = CircleImage.swift; sourceTree = "<group>"; };
		83AD08BF2BA1A7A0005DEAC4 /* MapView.swift */ = {isa = PBXFileReference; lastKnownFileType = sourcecode.swift; path = MapView.swift; sourceTree = "<group>"; };
		83AD08C32BA1AABF005DEAC4 /* Landmark.swift */ = {isa = PBXFileReference; lastKnownFileType = sourcecode.swift; path = Landmark.swift; sourceTree = "<group>"; };
		83AD08DB2BA1AC3A005DEAC4 /* ModelData.swift */ = {isa = PBXFileReference; lastKnownFileType = sourcecode.swift; path = ModelData.swift; sourceTree = "<group>"; };
		83AD08E22BA1AF06005DEAC4 /* LandmarkList.swift */ = {isa = PBXFileReference; lastKnownFileType = sourcecode.swift; path = LandmarkList.swift; sourceTree = "<group>"; };
		83AD08E42BA1AFEF005DEAC4 /* LandmarkDetail.swift */ = {isa = PBXFileReference; lastKnownFileType = sourcecode.swift; path = LandmarkDetail.swift; sourceTree = "<group>"; };
		83D428D22BA1BE01000FE4E4 /* LandmarkRow.swift */ = {isa = PBXFileReference; fileEncoding = 4; lastKnownFileType = sourcecode.swift; path = LandmarkRow.swift; sourceTree = "<group>"; };
		83E3A0E92BA2561F00FEF495 /* WatchLandmarks Watch App.app */ = {isa = PBXFileReference; explicitFileType = wrapper.application; includeInIndex = 0; path = "WatchLandmarks Watch App.app"; sourceTree = BUILT_PRODUCTS_DIR; };
		83E3A0ED2BA2561F00FEF495 /* ContentView.swift */ = {isa = PBXFileReference; lastKnownFileType = sourcecode.swift; path = ContentView.swift; sourceTree = "<group>"; };
		83E3A0EF2BA2562000FEF495 /* Assets.xcassets */ = {isa = PBXFileReference; lastKnownFileType = folder.assetcatalog; path = Assets.xcassets; sourceTree = "<group>"; };
		83E3A0F22BA2562000FEF495 /* Preview Assets.xcassets */ = {isa = PBXFileReference; lastKnownFileType = folder.assetcatalog; path = "Preview Assets.xcassets"; sourceTree = "<group>"; };
		83E3A1072BA25A3F00FEF495 /* LandmarkDetail.swift */ = {isa = PBXFileReference; lastKnownFileType = sourcecode.swift; path = LandmarkDetail.swift; sourceTree = "<group>"; };
		83E3A1092BA261E900FEF495 /* NotificationView.swift */ = {isa = PBXFileReference; lastKnownFileType = sourcecode.swift; path = NotificationView.swift; sourceTree = "<group>"; };
		83E3A10B2BA2632600FEF495 /* NotificationController.swift */ = {isa = PBXFileReference; lastKnownFileType = sourcecode.swift; path = NotificationController.swift; sourceTree = "<group>"; };
		83E3A10D2BA2653800FEF495 /* PushNotificationPayload.apns */ = {isa = PBXFileReference; lastKnownFileType = text; path = PushNotificationPayload.apns; sourceTree = "<group>"; };
		83E3A1122BA2F95800FEF495 /* MacLandmarks.app */ = {isa = PBXFileReference; explicitFileType = wrapper.application; includeInIndex = 0; path = MacLandmarks.app; sourceTree = BUILT_PRODUCTS_DIR; };
		83E3A1162BA2F95800FEF495 /* ContentView.swift */ = {isa = PBXFileReference; lastKnownFileType = sourcecode.swift; path = ContentView.swift; sourceTree = "<group>"; };
		83E3A1182BA2F95A00FEF495 /* Assets.xcassets */ = {isa = PBXFileReference; lastKnownFileType = folder.assetcatalog; path = Assets.xcassets; sourceTree = "<group>"; };
		83E3A11B2BA2F95A00FEF495 /* Preview Assets.xcassets */ = {isa = PBXFileReference; lastKnownFileType = folder.assetcatalog; path = "Preview Assets.xcassets"; sourceTree = "<group>"; };
		83E3A11D2BA2F95A00FEF495 /* MacLandmarks.entitlements */ = {isa = PBXFileReference; lastKnownFileType = text.plist.entitlements; path = MacLandmarks.entitlements; sourceTree = "<group>"; };
		83E3A12F2BA2FBBA00FEF495 /* LandmarkDetail.swift */ = {isa = PBXFileReference; lastKnownFileType = sourcecode.swift; path = LandmarkDetail.swift; sourceTree = "<group>"; };
		83E3A1312BA3034E00FEF495 /* LandmarkList.swift */ = {isa = PBXFileReference; lastKnownFileType = sourcecode.swift; path = LandmarkList.swift; sourceTree = "<group>"; };
		83E3A1332BA307F700FEF495 /* LandmarkCommands.swift */ = {isa = PBXFileReference; lastKnownFileType = sourcecode.swift; path = LandmarkCommands.swift; sourceTree = "<group>"; };
/* End PBXFileReference section */

/* Begin PBXFrameworksBuildPhase section */
		83AD08A92BA19D32005DEAC4 /* Frameworks */ = {
			isa = PBXFrameworksBuildPhase;
			buildActionMask = 2147483647;
			files = (
			);
			runOnlyForDeploymentPostprocessing = 0;
		};
		83E3A0E62BA2561F00FEF495 /* Frameworks */ = {
			isa = PBXFrameworksBuildPhase;
			buildActionMask = 2147483647;
			files = (
			);
			runOnlyForDeploymentPostprocessing = 0;
		};
		83E3A10F2BA2F95800FEF495 /* Frameworks */ = {
			isa = PBXFrameworksBuildPhase;
			buildActionMask = 2147483647;
			files = (
			);
			runOnlyForDeploymentPostprocessing = 0;
		};
/* End PBXFrameworksBuildPhase section */

/* Begin PBXGroup section */
		836456A92BA1BC2E00F881BF /* Helper */ = {
			isa = PBXGroup;
			children = (
				836456A72BA1BB8000F881BF /* FavoriteButton.swift */,
				83AD08BD2BA1A718005DEAC4 /* CircleImage.swift */,
				83AD08BF2BA1A7A0005DEAC4 /* MapView.swift */,
			);
			path = Helper;
			sourceTree = "<group>";
		};
		836456AA2BA1BC3C00F881BF /* Landmarks */ = {
			isa = PBXGroup;
			children = (
				83D428D22BA1BE01000FE4E4 /* LandmarkRow.swift */,
				83AD08E22BA1AF06005DEAC4 /* LandmarkList.swift */,
				83AD08E42BA1AFEF005DEAC4 /* LandmarkDetail.swift */,
			);
			path = Landmarks;
			sourceTree = "<group>";
		};
		83ACB7282BA1D86200A5C559 /* Badges */ = {
			isa = PBXGroup;
			children = (
				83ACB7222BA1D4BE00A5C559 /* BadgeSymbol.swift */,
				83ACB7242BA1D67A00A5C559 /* RotatedBadgeSymbol.swift */,
				83ACB7262BA1D70600A5C559 /* Badge.swift */,
				83ACB71E2BA1CFF000A5C559 /* HexagonParameters.swift */,
				83ACB7202BA1D0DD00A5C559 /* BadgeBackground.swift */,
			);
			path = Badges;
			sourceTree = "<group>";
		};
		83ACB7312BA1ECD000A5C559 /* Hikes */ = {
			isa = PBXGroup;
			children = (
				83ACB72D2BA1ECD000A5C559 /* GraphCapsule.swift */,
				83ACB72E2BA1ECD000A5C559 /* HikeDetail.swift */,
				83ACB72F2BA1ECD000A5C559 /* HikeGraph.swift */,
				83ACB7302BA1ECD000A5C559 /* HikeView.swift */,
				83ACB7452BA2016E00A5C559 /* HikeBadge.swift */,
			);
			path = Hikes;
			sourceTree = "<group>";
		};
		83ACB7362BA1F2B000A5C559 /* Categories */ = {
			isa = PBXGroup;
			children = (
				83ACB7372BA1F2C300A5C559 /* CategoryHome.swift */,
				83ACB7392BA1F4F700A5C559 /* CategoryRow.swift */,
				83ACB73B2BA1F68900A5C559 /* CategoryItem.swift */,
			);
			path = Categories;
			sourceTree = "<group>";
		};
		83ACB73F2BA1FDF500A5C559 /* Profile */ = {
			isa = PBXGroup;
			children = (
				83ACB7402BA1FE0D00A5C559 /* ProfileHost.swift */,
				83ACB7432BA1FEB600A5C559 /* ProfileSummary.swift */,
				83ACB7472BA218A700A5C559 /* ProfileEditor.swift */,
			);
			path = Profile;
			sourceTree = "<group>";
		};
		83ACB7492BA21EAA00A5C559 /* PageView */ = {
			isa = PBXGroup;
			children = (
				83ACB74A2BA21EC500A5C559 /* PageViewController.swift */,
				83ACB74E2BA223FB00A5C559 /* PageView.swift */,
				83ACB7502BA2283700A5C559 /* PageControl.swift */,
			);
			name = PageView;
			sourceTree = "<group>";
		};
		83AD08A32BA19D32005DEAC4 = {
			isa = PBXGroup;
			children = (
				83AD08AE2BA19D32005DEAC4 /* Landmarks */,
				83E3A0EA2BA2561F00FEF495 /* WatchLandmarks Watch App */,
				83E3A1132BA2F95800FEF495 /* MacLandmarks */,
				83AD08AD2BA19D32005DEAC4 /* Products */,
			);
			sourceTree = "<group>";
		};
		83AD08AD2BA19D32005DEAC4 /* Products */ = {
			isa = PBXGroup;
			children = (
				83AD08AC2BA19D32005DEAC4 /* Landmarks.app */,
				83E3A0E92BA2561F00FEF495 /* WatchLandmarks Watch App.app */,
				83E3A1122BA2F95800FEF495 /* MacLandmarks.app */,
			);
			name = Products;
			sourceTree = "<group>";
		};
		83AD08AE2BA19D32005DEAC4 /* Landmarks */ = {
			isa = PBXGroup;
			children = (
				83AD08AF2BA19D32005DEAC4 /* LandmarksApp.swift */,
				83AD08DD2BA1ADC6005DEAC4 /* Views */,
				83AD08DE2BA1ADD0005DEAC4 /* Model */,
				83AD08B32BA19D34005DEAC4 /* Assets.xcassets */,
				83AD08DF2BA1ADD9005DEAC4 /* Resources */,
				83AD08B52BA19D34005DEAC4 /* Preview Content */,
			);
			path = Landmarks;
			sourceTree = "<group>";
		};
		83AD08B52BA19D34005DEAC4 /* Preview Content */ = {
			isa = PBXGroup;
			children = (
				83AD08B62BA19D34005DEAC4 /* Preview Assets.xcassets */,
			);
			path = "Preview Content";
			sourceTree = "<group>";
		};
		83AD08DD2BA1ADC6005DEAC4 /* Views */ = {
			isa = PBXGroup;
			children = (
				83ACB7492BA21EAA00A5C559 /* PageView */,
				83ACB73F2BA1FDF500A5C559 /* Profile */,
				83ACB7362BA1F2B000A5C559 /* Categories */,
				83ACB7312BA1ECD000A5C559 /* Hikes */,
				83ACB7282BA1D86200A5C559 /* Badges */,
				836456AA2BA1BC3C00F881BF /* Landmarks */,
				836456A92BA1BC2E00F881BF /* Helper */,
				83AD08B12BA19D32005DEAC4 /* ContentView.swift */,
				83ACB74C2BA2227400A5C559 /* FeatureCard.swift */,
			);
			path = Views;
			sourceTree = "<group>";
		};
		83AD08DE2BA1ADD0005DEAC4 /* Model */ = {
			isa = PBXGroup;
			children = (
				83AD08C32BA1AABF005DEAC4 /* Landmark.swift */,
				83AD08DB2BA1AC3A005DEAC4 /* ModelData.swift */,
				83ACB72B2BA1EBBE00A5C559 /* Hike.swift */,
				83ACB73D2BA1FD6A00A5C559 /* Profile.swift */,
			);
			path = Model;
			sourceTree = "<group>";
		};
		83AD08DF2BA1ADD9005DEAC4 /* Resources */ = {
			isa = PBXGroup;
			children = (
				83ACB7292BA1EBA100A5C559 /* hikeData.json */,
				836456A52BA1B71D00F881BF /* landmarkData.json */,
			);
			path = Resources;
			sourceTree = "<group>";
		};
		83E3A0EA2BA2561F00FEF495 /* WatchLandmarks Watch App */ = {
			isa = PBXGroup;
			children = (
				83E3A0ED2BA2561F00FEF495 /* ContentView.swift */,
				83E3A10D2BA2653800FEF495 /* PushNotificationPayload.apns */,
				83E3A0EF2BA2562000FEF495 /* Assets.xcassets */,
				83E3A0F12BA2562000FEF495 /* Preview Content */,
				83E3A1072BA25A3F00FEF495 /* LandmarkDetail.swift */,
				83E3A1092BA261E900FEF495 /* NotificationView.swift */,
				83E3A10B2BA2632600FEF495 /* NotificationController.swift */,
				83E3A1312BA3034E00FEF495 /* LandmarkList.swift */,
			);
			path = "WatchLandmarks Watch App";
			sourceTree = "<group>";
		};
		83E3A0F12BA2562000FEF495 /* Preview Content */ = {
			isa = PBXGroup;
			children = (
				83E3A0F22BA2562000FEF495 /* Preview Assets.xcassets */,
			);
			path = "Preview Content";
			sourceTree = "<group>";
		};
		83E3A1132BA2F95800FEF495 /* MacLandmarks */ = {
			isa = PBXGroup;
			children = (
				83E3A1162BA2F95800FEF495 /* ContentView.swift */,
				83E3A1182BA2F95A00FEF495 /* Assets.xcassets */,
				83E3A11D2BA2F95A00FEF495 /* MacLandmarks.entitlements */,
				83E3A11A2BA2F95A00FEF495 /* Preview Content */,
				83E3A12F2BA2FBBA00FEF495 /* LandmarkDetail.swift */,
				83E3A1332BA307F700FEF495 /* LandmarkCommands.swift */,
			);
			path = MacLandmarks;
			sourceTree = "<group>";
		};
		83E3A11A2BA2F95A00FEF495 /* Preview Content */ = {
			isa = PBXGroup;
			children = (
				83E3A11B2BA2F95A00FEF495 /* Preview Assets.xcassets */,
			);
			path = "Preview Content";
			sourceTree = "<group>";
		};
/* End PBXGroup section */

/* Begin PBXNativeTarget section */
		83AD08AB2BA19D32005DEAC4 /* Landmarks */ = {
			isa = PBXNativeTarget;
			buildConfigurationList = 83AD08BA2BA19D34005DEAC4 /* Build configuration list for PBXNativeTarget "Landmarks" */;
			buildPhases = (
				83AD08A82BA19D32005DEAC4 /* Sources */,
				83AD08A92BA19D32005DEAC4 /* Frameworks */,
				83AD08AA2BA19D32005DEAC4 /* Resources */,
				83E3A0F72BA2562000FEF495 /* Embed Watch Content */,
			);
			buildRules = (
			);
			dependencies = (
				83E3A0F52BA2562000FEF495 /* PBXTargetDependency */,
			);
			name = Landmarks;
			productName = Landmarks;
			productReference = 83AD08AC2BA19D32005DEAC4 /* Landmarks.app */;
			productType = "com.apple.product-type.application";
		};
		83E3A0E82BA2561F00FEF495 /* WatchLandmarks Watch App */ = {
			isa = PBXNativeTarget;
			buildConfigurationList = 83E3A0FA2BA2562000FEF495 /* Build configuration list for PBXNativeTarget "WatchLandmarks Watch App" */;
			buildPhases = (
				83E3A0E52BA2561F00FEF495 /* Sources */,
				83E3A0E62BA2561F00FEF495 /* Frameworks */,
				83E3A0E72BA2561F00FEF495 /* Resources */,
			);
			buildRules = (
			);
			dependencies = (
			);
			name = "WatchLandmarks Watch App";
			productName = "WatchLandmarks Watch App";
			productReference = 83E3A0E92BA2561F00FEF495 /* WatchLandmarks Watch App.app */;
			productType = "com.apple.product-type.application";
		};
		83E3A1112BA2F95800FEF495 /* MacLandmarks */ = {
			isa = PBXNativeTarget;
			buildConfigurationList = 83E3A11E2BA2F95A00FEF495 /* Build configuration list for PBXNativeTarget "MacLandmarks" */;
			buildPhases = (
				83E3A10E2BA2F95800FEF495 /* Sources */,
				83E3A10F2BA2F95800FEF495 /* Frameworks */,
				83E3A1102BA2F95800FEF495 /* Resources */,
			);
			buildRules = (
			);
			dependencies = (
			);
			name = MacLandmarks;
			productName = MacLandmarks;
			productReference = 83E3A1122BA2F95800FEF495 /* MacLandmarks.app */;
			productType = "com.apple.product-type.application";
		};
/* End PBXNativeTarget section */

/* Begin PBXProject section */
		83AD08A42BA19D32005DEAC4 /* Project object */ = {
			isa = PBXProject;
			attributes = {
				BuildIndependentTargetsInParallel = 1;
				LastSwiftUpdateCheck = 1530;
				LastUpgradeCheck = 1530;
				TargetAttributes = {
					83AD08AB2BA19D32005DEAC4 = {
						CreatedOnToolsVersion = 15.3;
					};
					83E3A0E82BA2561F00FEF495 = {
						CreatedOnToolsVersion = 15.3;
					};
					83E3A1112BA2F95800FEF495 = {
						CreatedOnToolsVersion = 15.3;
					};
				};
			};
			buildConfigurationList = 83AD08A72BA19D32005DEAC4 /* Build configuration list for PBXProject "Landmarks" */;
			compatibilityVersion = "Xcode 14.0";
			developmentRegion = en;
			hasScannedForEncodings = 0;
			knownRegions = (
				en,
				Base,
			);
			mainGroup = 83AD08A32BA19D32005DEAC4;
			productRefGroup = 83AD08AD2BA19D32005DEAC4 /* Products */;
			projectDirPath = "";
			projectRoot = "";
			targets = (
				83AD08AB2BA19D32005DEAC4 /* Landmarks */,
				83E3A0E82BA2561F00FEF495 /* WatchLandmarks Watch App */,
				83E3A1112BA2F95800FEF495 /* MacLandmarks */,
			);
		};
/* End PBXProject section */

/* Begin PBXResourcesBuildPhase section */
		83AD08AA2BA19D32005DEAC4 /* Resources */ = {
			isa = PBXResourcesBuildPhase;
			buildActionMask = 2147483647;
			files = (
				83ACB72A2BA1EBA100A5C559 /* hikeData.json in Resources */,
				83AD08B72BA19D34005DEAC4 /* Preview Assets.xcassets in Resources */,
				836456A62BA1B71E00F881BF /* landmarkData.json in Resources */,
				83AD08B42BA19D34005DEAC4 /* Assets.xcassets in Resources */,
			);
			runOnlyForDeploymentPostprocessing = 0;
		};
		83E3A0E72BA2561F00FEF495 /* Resources */ = {
			isa = PBXResourcesBuildPhase;
			buildActionMask = 2147483647;
			files = (
				83E3A0FB2BA2598E00FEF495 /* hikeData.json in Resources */,
				83E3A0FC2BA2598E00FEF495 /* Assets.xcassets in Resources */,
				83E3A0FD2BA2598E00FEF495 /* landmarkData.json in Resources */,
				83E3A0F32BA2562000FEF495 /* Preview Assets.xcassets in Resources */,
				83E3A0F02BA2562000FEF495 /* Assets.xcassets in Resources */,
			);
			runOnlyForDeploymentPostprocessing = 0;
		};
		83E3A1102BA2F95800FEF495 /* Resources */ = {
			isa = PBXResourcesBuildPhase;
			buildActionMask = 2147483647;
			files = (
				83E3A1212BA2FA7700FEF495 /* Assets.xcassets in Resources */,
				83E3A1222BA2FA7700FEF495 /* landmarkData.json in Resources */,
				83E3A1232BA2FA7700FEF495 /* hikeData.json in Resources */,
				83E3A11C2BA2F95A00FEF495 /* Preview Assets.xcassets in Resources */,
				83E3A1192BA2F95A00FEF495 /* Assets.xcassets in Resources */,
			);
			runOnlyForDeploymentPostprocessing = 0;
		};
/* End PBXResourcesBuildPhase section */

/* Begin PBXSourcesBuildPhase section */
		83AD08A82BA19D32005DEAC4 /* Sources */ = {
			isa = PBXSourcesBuildPhase;
			buildActionMask = 2147483647;
			files = (
				83ACB73A2BA1F4F700A5C559 /* CategoryRow.swift in Sources */,
				83ACB73E2BA1FD6A00A5C559 /* Profile.swift in Sources */,
				83E3A1342BA307F700FEF495 /* LandmarkCommands.swift in Sources */,
				83ACB7232BA1D4BE00A5C559 /* BadgeSymbol.swift in Sources */,
				83ACB7382BA1F2C300A5C559 /* CategoryHome.swift in Sources */,
				83ACB74D2BA2227400A5C559 /* FeatureCard.swift in Sources */,
				83ACB7272BA1D70600A5C559 /* Badge.swift in Sources */,
				83AD08B22BA19D32005DEAC4 /* ContentView.swift in Sources */,
				83ACB7322BA1ECD000A5C559 /* GraphCapsule.swift in Sources */,
				83ACB7342BA1ECD000A5C559 /* HikeGraph.swift in Sources */,
				83ACB7252BA1D67A00A5C559 /* RotatedBadgeSymbol.swift in Sources */,
				83ACB7512BA2283700A5C559 /* PageControl.swift in Sources */,
				83AD08C02BA1A7A0005DEAC4 /* MapView.swift in Sources */,
				83ACB73C2BA1F68900A5C559 /* CategoryItem.swift in Sources */,
				83AD08B02BA19D32005DEAC4 /* LandmarksApp.swift in Sources */,
				83ACB7442BA1FEB600A5C559 /* ProfileSummary.swift in Sources */,
				83ACB72C2BA1EBBE00A5C559 /* Hike.swift in Sources */,
				83ACB7412BA1FE0D00A5C559 /* ProfileHost.swift in Sources */,
				836456A82BA1BB8000F881BF /* FavoriteButton.swift in Sources */,
				83ACB71F2BA1CFF000A5C559 /* HexagonParameters.swift in Sources */,
				83ACB74F2BA223FB00A5C559 /* PageView.swift in Sources */,
				83AD08E32BA1AF06005DEAC4 /* LandmarkList.swift in Sources */,
				83ACB7482BA218A700A5C559 /* ProfileEditor.swift in Sources */,
				83ACB7332BA1ECD000A5C559 /* HikeDetail.swift in Sources */,
				83ACB7352BA1ECD000A5C559 /* HikeView.swift in Sources */,
				83AD08E52BA1AFEF005DEAC4 /* LandmarkDetail.swift in Sources */,
				83ACB74B2BA21EC500A5C559 /* PageViewController.swift in Sources */,
				83ACB7212BA1D0DD00A5C559 /* BadgeBackground.swift in Sources */,
				83ACB7462BA2016F00A5C559 /* HikeBadge.swift in Sources */,
				83AD08BE2BA1A718005DEAC4 /* CircleImage.swift in Sources */,
				83AD08C42BA1AABF005DEAC4 /* Landmark.swift in Sources */,
				83D428D32BA1BE01000FE4E4 /* LandmarkRow.swift in Sources */,
				83AD08DC2BA1AC3A005DEAC4 /* ModelData.swift in Sources */,
			);
			runOnlyForDeploymentPostprocessing = 0;
		};
		83E3A0E52BA2561F00FEF495 /* Sources */ = {
			isa = PBXSourcesBuildPhase;
			buildActionMask = 2147483647;
			files = (
				83E3A0EE2BA2561F00FEF495 /* ContentView.swift in Sources */,
				83E3A0FE2BA2598E00FEF495 /* Landmark.swift in Sources */,
				83E3A0FF2BA2598E00FEF495 /* LandmarksApp.swift in Sources */,
				83E3A1322BA3034E00FEF495 /* LandmarkList.swift in Sources */,
				83E3A1002BA2598E00FEF495 /* Profile.swift in Sources */,
				83E3A1012BA2598E00FEF495 /* ModelData.swift in Sources */,
				83E3A1022BA2598E00FEF495 /* LandmarkRow.swift in Sources */,
				83E3A1032BA2598E00FEF495 /* MapView.swift in Sources */,
				83E3A1042BA2598E00FEF495 /* Hike.swift in Sources */,
				83E3A1052BA2598E00FEF495 /* CircleImage.swift in Sources */,
				83E3A10C2BA2632600FEF495 /* NotificationController.swift in Sources */,
				83E3A1082BA25A4000FEF495 /* LandmarkDetail.swift in Sources */,
				83E3A10A2BA261E900FEF495 /* NotificationView.swift in Sources */,
			);
			runOnlyForDeploymentPostprocessing = 0;
		};
		83E3A10E2BA2F95800FEF495 /* Sources */ = {
			isa = PBXSourcesBuildPhase;
			buildActionMask = 2147483647;
			files = (
				83E3A1172BA2F95800FEF495 /* ContentView.swift in Sources */,
				83E3A1242BA2FA7700FEF495 /* FavoriteButton.swift in Sources */,
				83E3A1252BA2FA7700FEF495 /* LandmarkList.swift in Sources */,
				83E3A1262BA2FA7700FEF495 /* MapView.swift in Sources */,
				83E3A1352BA307F700FEF495 /* LandmarkCommands.swift in Sources */,
				83E3A1302BA2FBBA00FEF495 /* LandmarkDetail.swift in Sources */,
				83E3A1272BA2FA7700FEF495 /* LandmarksApp.swift in Sources */,
				83E3A1282BA2FA7700FEF495 /* CircleImage.swift in Sources */,
				83E3A1292BA2FA7700FEF495 /* LandmarkRow.swift in Sources */,
				83E3A12A2BA2FB0D00FEF495 /* Hike.swift in Sources */,
				83E3A12B2BA2FB0D00FEF495 /* ModelData.swift in Sources */,
				83E3A12C2BA2FB0D00FEF495 /* Landmark.swift in Sources */,
				83E3A12D2BA2FB0D00FEF495 /* Profile.swift in Sources */,
			);
			runOnlyForDeploymentPostprocessing = 0;
		};
/* End PBXSourcesBuildPhase section */

/* Begin PBXTargetDependency section */
		83E3A0F52BA2562000FEF495 /* PBXTargetDependency */ = {
			isa = PBXTargetDependency;
			target = 83E3A0E82BA2561F00FEF495 /* WatchLandmarks Watch App */;
			targetProxy = 83E3A0F42BA2562000FEF495 /* PBXContainerItemProxy */;
		};
/* End PBXTargetDependency section */

/* Begin XCBuildConfiguration section */
		83AD08B82BA19D34005DEAC4 /* Debug */ = {
			isa = XCBuildConfiguration;
			buildSettings = {
				ALWAYS_SEARCH_USER_PATHS = NO;
				ASSETCATALOG_COMPILER_GENERATE_SWIFT_ASSET_SYMBOL_EXTENSIONS = YES;
				CLANG_ANALYZER_NONNULL = YES;
				CLANG_ANALYZER_NUMBER_OBJECT_CONVERSION = YES_AGGRESSIVE;
				CLANG_CXX_LANGUAGE_STANDARD = "gnu++20";
				CLANG_ENABLE_MODULES = YES;
				CLANG_ENABLE_OBJC_ARC = YES;
				CLANG_ENABLE_OBJC_WEAK = YES;
				CLANG_WARN_BLOCK_CAPTURE_AUTORELEASING = YES;
				CLANG_WARN_BOOL_CONVERSION = YES;
				CLANG_WARN_COMMA = YES;
				CLANG_WARN_CONSTANT_CONVERSION = YES;
				CLANG_WARN_DEPRECATED_OBJC_IMPLEMENTATIONS = YES;
				CLANG_WARN_DIRECT_OBJC_ISA_USAGE = YES_ERROR;
				CLANG_WARN_DOCUMENTATION_COMMENTS = YES;
				CLANG_WARN_EMPTY_BODY = YES;
				CLANG_WARN_ENUM_CONVERSION = YES;
				CLANG_WARN_INFINITE_RECURSION = YES;
				CLANG_WARN_INT_CONVERSION = YES;
				CLANG_WARN_NON_LITERAL_NULL_CONVERSION = YES;
				CLANG_WARN_OBJC_IMPLICIT_RETAIN_SELF = YES;
				CLANG_WARN_OBJC_LITERAL_CONVERSION = YES;
				CLANG_WARN_OBJC_ROOT_CLASS = YES_ERROR;
				CLANG_WARN_QUOTED_INCLUDE_IN_FRAMEWORK_HEADER = YES;
				CLANG_WARN_RANGE_LOOP_ANALYSIS = YES;
				CLANG_WARN_STRICT_PROTOTYPES = YES;
				CLANG_WARN_SUSPICIOUS_MOVE = YES;
				CLANG_WARN_UNGUARDED_AVAILABILITY = YES_AGGRESSIVE;
				CLANG_WARN_UNREACHABLE_CODE = YES;
				CLANG_WARN__DUPLICATE_METHOD_MATCH = YES;
				COPY_PHASE_STRIP = NO;
				DEBUG_INFORMATION_FORMAT = dwarf;
				ENABLE_STRICT_OBJC_MSGSEND = YES;
				ENABLE_TESTABILITY = YES;
				ENABLE_USER_SCRIPT_SANDBOXING = YES;
				GCC_C_LANGUAGE_STANDARD = gnu17;
				GCC_DYNAMIC_NO_PIC = NO;
				GCC_NO_COMMON_BLOCKS = YES;
				GCC_OPTIMIZATION_LEVEL = 0;
				GCC_PREPROCESSOR_DEFINITIONS = (
					"DEBUG=1",
					"$(inherited)",
				);
				GCC_WARN_64_TO_32_BIT_CONVERSION = YES;
				GCC_WARN_ABOUT_RETURN_TYPE = YES_ERROR;
				GCC_WARN_UNDECLARED_SELECTOR = YES;
				GCC_WARN_UNINITIALIZED_AUTOS = YES_AGGRESSIVE;
				GCC_WARN_UNUSED_FUNCTION = YES;
				GCC_WARN_UNUSED_VARIABLE = YES;
				IPHONEOS_DEPLOYMENT_TARGET = 17.4;
				LOCALIZATION_PREFERS_STRING_CATALOGS = YES;
				MTL_ENABLE_DEBUG_INFO = INCLUDE_SOURCE;
				MTL_FAST_MATH = YES;
				ONLY_ACTIVE_ARCH = YES;
				SDKROOT = iphoneos;
				SWIFT_ACTIVE_COMPILATION_CONDITIONS = "DEBUG $(inherited)";
				SWIFT_OPTIMIZATION_LEVEL = "-Onone";
			};
			name = Debug;
		};
		83AD08B92BA19D34005DEAC4 /* Release */ = {
			isa = XCBuildConfiguration;
			buildSettings = {
				ALWAYS_SEARCH_USER_PATHS = NO;
				ASSETCATALOG_COMPILER_GENERATE_SWIFT_ASSET_SYMBOL_EXTENSIONS = YES;
				CLANG_ANALYZER_NONNULL = YES;
				CLANG_ANALYZER_NUMBER_OBJECT_CONVERSION = YES_AGGRESSIVE;
				CLANG_CXX_LANGUAGE_STANDARD = "gnu++20";
				CLANG_ENABLE_MODULES = YES;
				CLANG_ENABLE_OBJC_ARC = YES;
				CLANG_ENABLE_OBJC_WEAK = YES;
				CLANG_WARN_BLOCK_CAPTURE_AUTORELEASING = YES;
				CLANG_WARN_BOOL_CONVERSION = YES;
				CLANG_WARN_COMMA = YES;
				CLANG_WARN_CONSTANT_CONVERSION = YES;
				CLANG_WARN_DEPRECATED_OBJC_IMPLEMENTATIONS = YES;
				CLANG_WARN_DIRECT_OBJC_ISA_USAGE = YES_ERROR;
				CLANG_WARN_DOCUMENTATION_COMMENTS = YES;
				CLANG_WARN_EMPTY_BODY = YES;
				CLANG_WARN_ENUM_CONVERSION = YES;
				CLANG_WARN_INFINITE_RECURSION = YES;
				CLANG_WARN_INT_CONVERSION = YES;
				CLANG_WARN_NON_LITERAL_NULL_CONVERSION = YES;
				CLANG_WARN_OBJC_IMPLICIT_RETAIN_SELF = YES;
				CLANG_WARN_OBJC_LITERAL_CONVERSION = YES;
				CLANG_WARN_OBJC_ROOT_CLASS = YES_ERROR;
				CLANG_WARN_QUOTED_INCLUDE_IN_FRAMEWORK_HEADER = YES;
				CLANG_WARN_RANGE_LOOP_ANALYSIS = YES;
				CLANG_WARN_STRICT_PROTOTYPES = YES;
				CLANG_WARN_SUSPICIOUS_MOVE = YES;
				CLANG_WARN_UNGUARDED_AVAILABILITY = YES_AGGRESSIVE;
				CLANG_WARN_UNREACHABLE_CODE = YES;
				CLANG_WARN__DUPLICATE_METHOD_MATCH = YES;
				COPY_PHASE_STRIP = NO;
				DEBUG_INFORMATION_FORMAT = "dwarf-with-dsym";
				ENABLE_NS_ASSERTIONS = NO;
				ENABLE_STRICT_OBJC_MSGSEND = YES;
				ENABLE_USER_SCRIPT_SANDBOXING = YES;
				GCC_C_LANGUAGE_STANDARD = gnu17;
				GCC_NO_COMMON_BLOCKS = YES;
				GCC_WARN_64_TO_32_BIT_CONVERSION = YES;
				GCC_WARN_ABOUT_RETURN_TYPE = YES_ERROR;
				GCC_WARN_UNDECLARED_SELECTOR = YES;
				GCC_WARN_UNINITIALIZED_AUTOS = YES_AGGRESSIVE;
				GCC_WARN_UNUSED_FUNCTION = YES;
				GCC_WARN_UNUSED_VARIABLE = YES;
				IPHONEOS_DEPLOYMENT_TARGET = 17.4;
				LOCALIZATION_PREFERS_STRING_CATALOGS = YES;
				MTL_ENABLE_DEBUG_INFO = NO;
				MTL_FAST_MATH = YES;
				SDKROOT = iphoneos;
				SWIFT_COMPILATION_MODE = wholemodule;
				VALIDATE_PRODUCT = YES;
			};
			name = Release;
		};
		83AD08BB2BA19D34005DEAC4 /* Debug */ = {
			isa = XCBuildConfiguration;
			buildSettings = {
				ALWAYS_EMBED_SWIFT_STANDARD_LIBRARIES = YES;
				ASSETCATALOG_COMPILER_APPICON_NAME = AppIcon;
				ASSETCATALOG_COMPILER_GLOBAL_ACCENT_COLOR_NAME = AccentColor;
				CODE_SIGN_STYLE = Automatic;
				CURRENT_PROJECT_VERSION = 1;
				DEVELOPMENT_ASSET_PATHS = "\"Landmarks/Preview Content\"";
				DEVELOPMENT_TEAM = H2ST3LB34L;
				ENABLE_PREVIEWS = YES;
				GENERATE_INFOPLIST_FILE = YES;
				INFOPLIST_KEY_UIApplicationSceneManifest_Generation = YES;
				INFOPLIST_KEY_UIApplicationSupportsIndirectInputEvents = YES;
				INFOPLIST_KEY_UILaunchScreen_Generation = YES;
				INFOPLIST_KEY_UISupportedInterfaceOrientations_iPad = "UIInterfaceOrientationPortrait UIInterfaceOrientationPortraitUpsideDown UIInterfaceOrientationLandscapeLeft UIInterfaceOrientationLandscapeRight";
				INFOPLIST_KEY_UISupportedInterfaceOrientations_iPhone = "UIInterfaceOrientationPortrait UIInterfaceOrientationLandscapeLeft UIInterfaceOrientationLandscapeRight";
				LD_RUNPATH_SEARCH_PATHS = (
					"$(inherited)",
					"@executable_path/Frameworks",
				);
				MARKETING_VERSION = 1.0;
				PRODUCT_BUNDLE_IDENTIFIER = domenicoflauto.Landmarks;
				PRODUCT_NAME = "$(TARGET_NAME)";
				SWIFT_EMIT_LOC_STRINGS = YES;
				SWIFT_VERSION = 5.0;
				TARGETED_DEVICE_FAMILY = "1,2";
			};
			name = Debug;
		};
		83AD08BC2BA19D34005DEAC4 /* Release */ = {
			isa = XCBuildConfiguration;
			buildSettings = {
				ALWAYS_EMBED_SWIFT_STANDARD_LIBRARIES = YES;
				ASSETCATALOG_COMPILER_APPICON_NAME = AppIcon;
				ASSETCATALOG_COMPILER_GLOBAL_ACCENT_COLOR_NAME = AccentColor;
				CODE_SIGN_STYLE = Automatic;
				CURRENT_PROJECT_VERSION = 1;
				DEVELOPMENT_ASSET_PATHS = "\"Landmarks/Preview Content\"";
				DEVELOPMENT_TEAM = H2ST3LB34L;
				ENABLE_PREVIEWS = YES;
				GENERATE_INFOPLIST_FILE = YES;
				INFOPLIST_KEY_UIApplicationSceneManifest_Generation = YES;
				INFOPLIST_KEY_UIApplicationSupportsIndirectInputEvents = YES;
				INFOPLIST_KEY_UILaunchScreen_Generation = YES;
				INFOPLIST_KEY_UISupportedInterfaceOrientations_iPad = "UIInterfaceOrientationPortrait UIInterfaceOrientationPortraitUpsideDown UIInterfaceOrientationLandscapeLeft UIInterfaceOrientationLandscapeRight";
				INFOPLIST_KEY_UISupportedInterfaceOrientations_iPhone = "UIInterfaceOrientationPortrait UIInterfaceOrientationLandscapeLeft UIInterfaceOrientationLandscapeRight";
				LD_RUNPATH_SEARCH_PATHS = (
					"$(inherited)",
					"@executable_path/Frameworks",
				);
				MARKETING_VERSION = 1.0;
				PRODUCT_BUNDLE_IDENTIFIER = domenicoflauto.Landmarks;
				PRODUCT_NAME = "$(TARGET_NAME)";
				SWIFT_EMIT_LOC_STRINGS = YES;
				SWIFT_VERSION = 5.0;
				TARGETED_DEVICE_FAMILY = "1,2";
			};
			name = Release;
		};
		83E3A0F82BA2562000FEF495 /* Debug */ = {
			isa = XCBuildConfiguration;
			buildSettings = {
				ASSETCATALOG_COMPILER_APPICON_NAME = AppIcon;
				ASSETCATALOG_COMPILER_GLOBAL_ACCENT_COLOR_NAME = AccentColor;
				CODE_SIGN_STYLE = Automatic;
				CURRENT_PROJECT_VERSION = 1;
				DEVELOPMENT_ASSET_PATHS = "\"WatchLandmarks Watch App/Preview Content\"";
				DEVELOPMENT_TEAM = H2ST3LB34L;
				ENABLE_PREVIEWS = YES;
				GENERATE_INFOPLIST_FILE = YES;
				INFOPLIST_KEY_CFBundleDisplayName = WatchLandmarks;
				INFOPLIST_KEY_UISupportedInterfaceOrientations = "UIInterfaceOrientationPortrait UIInterfaceOrientationPortraitUpsideDown";
				INFOPLIST_KEY_WKCompanionAppBundleIdentifier = domenicoflauto.Landmarks;
				INFOPLIST_KEY_WKRunsIndependentlyOfCompanionApp = YES;
				LD_RUNPATH_SEARCH_PATHS = (
					"$(inherited)",
					"@executable_path/Frameworks",
				);
				MARKETING_VERSION = 1.0;
				PRODUCT_BUNDLE_IDENTIFIER = domenicoflauto.Landmarks.watchkitapp;
				PRODUCT_NAME = "$(TARGET_NAME)";
				SDKROOT = watchos;
				SKIP_INSTALL = YES;
				SWIFT_EMIT_LOC_STRINGS = YES;
				SWIFT_VERSION = 5.0;
				TARGETED_DEVICE_FAMILY = 4;
				WATCHOS_DEPLOYMENT_TARGET = 10.3;
			};
			name = Debug;
		};
		83E3A0F92BA2562000FEF495 /* Release */ = {
			isa = XCBuildConfiguration;
			buildSettings = {
				ASSETCATALOG_COMPILER_APPICON_NAME = AppIcon;
				ASSETCATALOG_COMPILER_GLOBAL_ACCENT_COLOR_NAME = AccentColor;
				CODE_SIGN_STYLE = Automatic;
				CURRENT_PROJECT_VERSION = 1;
				DEVELOPMENT_ASSET_PATHS = "\"WatchLandmarks Watch App/Preview Content\"";
				DEVELOPMENT_TEAM = H2ST3LB34L;
				ENABLE_PREVIEWS = YES;
				GENERATE_INFOPLIST_FILE = YES;
				INFOPLIST_KEY_CFBundleDisplayName = WatchLandmarks;
				INFOPLIST_KEY_UISupportedInterfaceOrientations = "UIInterfaceOrientationPortrait UIInterfaceOrientationPortraitUpsideDown";
				INFOPLIST_KEY_WKCompanionAppBundleIdentifier = domenicoflauto.Landmarks;
				INFOPLIST_KEY_WKRunsIndependentlyOfCompanionApp = YES;
				LD_RUNPATH_SEARCH_PATHS = (
					"$(inherited)",
					"@executable_path/Frameworks",
				);
				MARKETING_VERSION = 1.0;
				PRODUCT_BUNDLE_IDENTIFIER = domenicoflauto.Landmarks.watchkitapp;
				PRODUCT_NAME = "$(TARGET_NAME)";
				SDKROOT = watchos;
				SKIP_INSTALL = YES;
				SWIFT_EMIT_LOC_STRINGS = YES;
				SWIFT_VERSION = 5.0;
				TARGETED_DEVICE_FAMILY = 4;
				WATCHOS_DEPLOYMENT_TARGET = 10.3;
			};
			name = Release;
		};
		83E3A11F2BA2F95A00FEF495 /* Debug */ = {
			isa = XCBuildConfiguration;
			buildSettings = {
				ASSETCATALOG_COMPILER_APPICON_NAME = AppIcon;
				ASSETCATALOG_COMPILER_GLOBAL_ACCENT_COLOR_NAME = AccentColor;
				CODE_SIGN_ENTITLEMENTS = MacLandmarks/MacLandmarks.entitlements;
				CODE_SIGN_STYLE = Automatic;
				COMBINE_HIDPI_IMAGES = YES;
				CURRENT_PROJECT_VERSION = 1;
				DEVELOPMENT_ASSET_PATHS = "\"MacLandmarks/Preview Content\"";
				DEVELOPMENT_TEAM = H2ST3LB34L;
				ENABLE_HARDENED_RUNTIME = YES;
				ENABLE_PREVIEWS = YES;
				GENERATE_INFOPLIST_FILE = YES;
				INFOPLIST_KEY_NSHumanReadableCopyright = "";
				LD_RUNPATH_SEARCH_PATHS = (
					"$(inherited)",
					"@executable_path/../Frameworks",
				);
				MACOSX_DEPLOYMENT_TARGET = 14.4;
				MARKETING_VERSION = 1.0;
				PRODUCT_BUNDLE_IDENTIFIER = domenicoflauto.MacLandmarks;
				PRODUCT_NAME = "$(TARGET_NAME)";
				SDKROOT = macosx;
				SWIFT_EMIT_LOC_STRINGS = YES;
				SWIFT_VERSION = 5.0;
			};
			name = Debug;
		};
		83E3A1202BA2F95A00FEF495 /* Release */ = {
			isa = XCBuildConfiguration;
			buildSettings = {
				ASSETCATALOG_COMPILER_APPICON_NAME = AppIcon;
				ASSETCATALOG_COMPILER_GLOBAL_ACCENT_COLOR_NAME = AccentColor;
				CODE_SIGN_ENTITLEMENTS = MacLandmarks/MacLandmarks.entitlements;
				CODE_SIGN_STYLE = Automatic;
				COMBINE_HIDPI_IMAGES = YES;
				CURRENT_PROJECT_VERSION = 1;
				DEVELOPMENT_ASSET_PATHS = "\"MacLandmarks/Preview Content\"";
				DEVELOPMENT_TEAM = H2ST3LB34L;
				ENABLE_HARDENED_RUNTIME = YES;
				ENABLE_PREVIEWS = YES;
				GENERATE_INFOPLIST_FILE = YES;
				INFOPLIST_KEY_NSHumanReadableCopyright = "";
				LD_RUNPATH_SEARCH_PATHS = (
					"$(inherited)",
					"@executable_path/../Frameworks",
				);
				MACOSX_DEPLOYMENT_TARGET = 14.4;
				MARKETING_VERSION = 1.0;
				PRODUCT_BUNDLE_IDENTIFIER = domenicoflauto.MacLandmarks;
				PRODUCT_NAME = "$(TARGET_NAME)";
				SDKROOT = macosx;
				SWIFT_EMIT_LOC_STRINGS = YES;
				SWIFT_VERSION = 5.0;
			};
			name = Release;
		};
/* End XCBuildConfiguration section */

/* Begin XCConfigurationList section */
		83AD08A72BA19D32005DEAC4 /* Build configuration list for PBXProject "Landmarks" */ = {
			isa = XCConfigurationList;
			buildConfigurations = (
				83AD08B82BA19D34005DEAC4 /* Debug */,
				83AD08B92BA19D34005DEAC4 /* Release */,
			);
			defaultConfigurationIsVisible = 0;
			defaultConfigurationName = Release;
		};
		83AD08BA2BA19D34005DEAC4 /* Build configuration list for PBXNativeTarget "Landmarks" */ = {
			isa = XCConfigurationList;
			buildConfigurations = (
				83AD08BB2BA19D34005DEAC4 /* Debug */,
				83AD08BC2BA19D34005DEAC4 /* Release */,
			);
			defaultConfigurationIsVisible = 0;
			defaultConfigurationName = Release;
		};
		83E3A0FA2BA2562000FEF495 /* Build configuration list for PBXNativeTarget "WatchLandmarks Watch App" */ = {
			isa = XCConfigurationList;
			buildConfigurations = (
				83E3A0F82BA2562000FEF495 /* Debug */,
				83E3A0F92BA2562000FEF495 /* Release */,
			);
			defaultConfigurationIsVisible = 0;
			defaultConfigurationName = Release;
		};
		83E3A11E2BA2F95A00FEF495 /* Build configuration list for PBXNativeTarget "MacLandmarks" */ = {
			isa = XCConfigurationList;
			buildConfigurations = (
				83E3A11F2BA2F95A00FEF495 /* Debug */,
				83E3A1202BA2F95A00FEF495 /* Release */,
			);
			defaultConfigurationIsVisible = 0;
			defaultConfigurationName = Release;
		};
/* End XCConfigurationList section */
	};
	rootObject = 83AD08A42BA19D32005DEAC4 /* Project object */;
}
